{
    "requires": true,
    "lockfileVersion": 1,
    "dependencies": {
        "jquery": {
            "version": "3.4.1",
            "resolved": "https://registry.npmjs.org/jquery/-/jquery-3.4.1.tgz",
            "integrity": "sha512-36+AdBzCL+y6qjw5Tx7HgzeGCzC81MDDgaUP8ld2zhx58HdqXGoBd+tHdrBMiyjGQs0Hxs/MLZTu/eHNJJuWPw=="
        },
        "jquery-confirm": {
            "version": "3.3.4",
            "resolved": "https://registry.npmjs.org/jquery-confirm/-/jquery-confirm-3.3.4.tgz",
            "integrity": "sha512-SF3mX2kWAK9FP/Hut1uLHI30LPZ9DAki3Jq6JId9vg6AlMVugjlh40APtuxPQ/0C44XTkQFSVyRrg57NMbaicA==",
            "requires": {
                "jquery": ">=1.6"
            }
        },
        "sweetalert2": {
            "version": "8.17.4",
            "resolved": "https://registry.npmjs.org/sweetalert2/-/sweetalert2-8.17.4.tgz",
            "integrity": "sha512-+TPiBKwdhke1L5W8irYavtB+SCgWr24IyIWz1AivpA9goCH6YQ/KYpllHjktT7uGa/PPwAPk/f/vstuexNtR7A=="
        }
    }
}
